
Microsoft Visual Studio Solution File, Format Version 12.00
# Visual Studio Version 17
VisualStudioVersion = 17.3.32929.385
MinimumVisualStudioVersion = 10.0.40219.1
Project("{FAE04EC0-301F-11D3-BF4B-00C04F79EFBC}") = "alpro week 13", "alpro week 13\alpro week 13.csproj", "{FFF8B1AA-85F6-4CA7-B769-D4AEB64657DE}"
EndProject
Global
	GlobalSection(SolutionConfigurationPlatforms) = preSolution
		Debug|Any CPU = Debug|Any CPU
		Release|Any CPU = Release|Any CPU
	EndGlobalSection
	GlobalSection(ProjectConfigurationPlatforms) = postSolution
		{FFF8B1AA-85F6-4CA7-B769-D4AEB64657DE}.Debug|Any CPU.ActiveCfg = Debug|Any CPU
		{FFF8B1AA-85F6-4CA7-B769-D4AEB64657DE}.Debug|Any CPU.Build.0 = Debug|Any CPU
		{FFF8B1AA-85F6-4CA7-B769-D4AEB64657DE}.Release|Any CPU.ActiveCfg = Release|Any CPU
		{FFF8B1AA-85F6-4CA7-B769-D4AEB64657DE}.Release|Any CPU.Build.0 = Release|Any CPU
	EndGlobalSection
	GlobalSection(SolutionProperties) = preSolution
		HideSolutionNode = FALSE
	EndGlobalSection
	GlobalSection(ExtensibilityGlobals) = postSolution
		SolutionGuid = {57458C5F-36DA-464D-A8E0-AD279C3BE508}
	EndGlobalSection
EndGlobal
